
Microsoft Visual Studio Solution File, Format Version 12.00
# Visual Studio Version 17
VisualStudioVersion = 17.5.33627.172
MinimumVisualStudioVersion = 10.0.40219.1
Project("{FAE04EC0-301F-11D3-BF4B-00C04F79EFBC}") = "GenericsProblemsDay5", "GenericsProblemsDay5\GenericsProblemsDay5.csproj", "{6FA864C9-F76D-4AD5-AF62-A6D0243652BE}"
EndProject
Global
	GlobalSection(SolutionConfigurationPlatforms) = preSolution
		Debug|Any CPU = Debug|Any CPU
		Release|Any CPU = Release|Any CPU
	EndGlobalSection
	GlobalSection(ProjectConfigurationPlatforms) = postSolution
		{6FA864C9-F76D-4AD5-AF62-A6D0243652BE}.Debug|Any CPU.ActiveCfg = Debug|Any CPU
		{6FA864C9-F76D-4AD5-AF62-A6D0243652BE}.Debug|Any CPU.Build.0 = Debug|Any CPU
		{6FA864C9-F76D-4AD5-AF62-A6D0243652BE}.Release|Any CPU.ActiveCfg = Release|Any CPU
		{6FA864C9-F76D-4AD5-AF62-A6D0243652BE}.Release|Any CPU.Build.0 = Release|Any CPU
	EndGlobalSection
	GlobalSection(SolutionProperties) = preSolution
		HideSolutionNode = FALSE
	EndGlobalSection
	GlobalSection(ExtensibilityGlobals) = postSolution
		SolutionGuid = {76D036D9-68E7-4DA9-9291-65D2BA32ACAD}
	EndGlobalSection
EndGlobal
